
Microsoft Visual Studio Solution File, Format Version 12.00
# Visual Studio 14
VisualStudioVersion = 14.0.25420.1
MinimumVisualStudioVersion = 10.0.40219.1
Project("{8BC9CEB8-8B4A-11D0-8D11-00A0C91BC942}") = "SFML_Test", "SFML_Test\SFML_Test.vcxproj", "{C9898915-80FF-4A90-A891-C25B8996E3DA}"
EndProject
Project("{8BC9CEB8-8B4A-11D0-8D11-00A0C91BC942}") = "Starfield", "Starfield\Starfield.vcxproj", "{CDA292A4-9191-4046-993F-4C10D02B40CD}"
EndProject
Project("{8BC9CEB8-8B4A-11D0-8D11-00A0C91BC942}") = "AdventOfCode", "AdventOfCode\AdventOfCode.vcxproj", "{3CF4B396-56ED-4335-99F2-F76CAC881DF9}"
EndProject
Project("{8BC9CEB8-8B4A-11D0-8D11-00A0C91BC942}") = "win32_layer", "win32_layer\win32_layer.vcxproj", "{55C940F2-AE5E-4A18-A240-64CC7601FF80}"
EndProject
Global
	GlobalSection(SolutionConfigurationPlatforms) = preSolution
		Debug|x64 = Debug|x64
		Debug|x86 = Debug|x86
		Release|x64 = Release|x64
		Release|x86 = Release|x86
	EndGlobalSection
	GlobalSection(ProjectConfigurationPlatforms) = postSolution
		{C9898915-80FF-4A90-A891-C25B8996E3DA}.Debug|x64.ActiveCfg = Debug|x64
		{C9898915-80FF-4A90-A891-C25B8996E3DA}.Debug|x64.Build.0 = Debug|x64
		{C9898915-80FF-4A90-A891-C25B8996E3DA}.Debug|x86.ActiveCfg = Debug|Win32
		{C9898915-80FF-4A90-A891-C25B8996E3DA}.Debug|x86.Build.0 = Debug|Win32
		{C9898915-80FF-4A90-A891-C25B8996E3DA}.Release|x64.ActiveCfg = Release|x64
		{C9898915-80FF-4A90-A891-C25B8996E3DA}.Release|x64.Build.0 = Release|x64
		{C9898915-80FF-4A90-A891-C25B8996E3DA}.Release|x86.ActiveCfg = Release|Win32
		{C9898915-80FF-4A90-A891-C25B8996E3DA}.Release|x86.Build.0 = Release|Win32
		{CDA292A4-9191-4046-993F-4C10D02B40CD}.Debug|x64.ActiveCfg = Debug|x64
		{CDA292A4-9191-4046-993F-4C10D02B40CD}.Debug|x64.Build.0 = Debug|x64
		{CDA292A4-9191-4046-993F-4C10D02B40CD}.Debug|x86.ActiveCfg = Debug|Win32
		{CDA292A4-9191-4046-993F-4C10D02B40CD}.Debug|x86.Build.0 = Debug|Win32
		{CDA292A4-9191-4046-993F-4C10D02B40CD}.Release|x64.ActiveCfg = Release|x64
		{CDA292A4-9191-4046-993F-4C10D02B40CD}.Release|x64.Build.0 = Release|x64
		{CDA292A4-9191-4046-993F-4C10D02B40CD}.Release|x86.ActiveCfg = Release|Win32
		{CDA292A4-9191-4046-993F-4C10D02B40CD}.Release|x86.Build.0 = Release|Win32
		{3CF4B396-56ED-4335-99F2-F76CAC881DF9}.Debug|x64.ActiveCfg = Debug|x64
		{3CF4B396-56ED-4335-99F2-F76CAC881DF9}.Debug|x64.Build.0 = Debug|x64
		{3CF4B396-56ED-4335-99F2-F76CAC881DF9}.Debug|x86.ActiveCfg = Debug|Win32
		{3CF4B396-56ED-4335-99F2-F76CAC881DF9}.Debug|x86.Build.0 = Debug|Win32
		{3CF4B396-56ED-4335-99F2-F76CAC881DF9}.Release|x64.ActiveCfg = Release|x64
		{3CF4B396-56ED-4335-99F2-F76CAC881DF9}.Release|x64.Build.0 = Release|x64
		{3CF4B396-56ED-4335-99F2-F76CAC881DF9}.Release|x86.ActiveCfg = Release|Win32
		{3CF4B396-56ED-4335-99F2-F76CAC881DF9}.Release|x86.Build.0 = Release|Win32
		{55C940F2-AE5E-4A18-A240-64CC7601FF80}.Debug|x64.ActiveCfg = Debug|x64
		{55C940F2-AE5E-4A18-A240-64CC7601FF80}.Debug|x64.Build.0 = Debug|x64
		{55C940F2-AE5E-4A18-A240-64CC7601FF80}.Debug|x86.ActiveCfg = Debug|Win32
		{55C940F2-AE5E-4A18-A240-64CC7601FF80}.Debug|x86.Build.0 = Debug|Win32
		{55C940F2-AE5E-4A18-A240-64CC7601FF80}.Release|x64.ActiveCfg = Release|x64
		{55C940F2-AE5E-4A18-A240-64CC7601FF80}.Release|x64.Build.0 = Release|x64
		{55C940F2-AE5E-4A18-A240-64CC7601FF80}.Release|x86.ActiveCfg = Release|Win32
		{55C940F2-AE5E-4A18-A240-64CC7601FF80}.Release|x86.Build.0 = Release|Win32
	EndGlobalSection
	GlobalSection(SolutionProperties) = preSolution
		HideSolutionNode = FALSE
	EndGlobalSection
EndGlobal
